// !$*UTF8*$!
{
	archiveVersion = 1;
	classes = {
	};
	objectVersion = 77;
	objects = {

/* Begin PBXContainerItemProxy section */
		100DABC32D52A8480037DA5D /* PBXContainerItemProxy */ = {
			isa = PBXContainerItemProxy;
			containerPortal = 100DABAA2D52A8440037DA5D /* Project object */;
			proxyType = 1;
			remoteGlobalIDString = 100DABB12D52A8440037DA5D;
			remoteInfo = eartrainer;
		};
		100DABCD2D52A8490037DA5D /* PBXContainerItemProxy */ = {
			isa = PBXContainerItemProxy;
			containerPortal = 100DABAA2D52A8440037DA5D /* Project object */;
			proxyType = 1;
			remoteGlobalIDString = 100DABB12D52A8440037DA5D;
			remoteInfo = eartrainer;
		};
/* End PBXContainerItemProxy section */

/* Begin PBXFileReference section */
		100DABB22D52A8440037DA5D /* Intune Alarm Clock.app */ = {isa = PBXFileReference; explicitFileType = wrapper.application; includeInIndex = 0; path = "Intune Alarm Clock.app"; sourceTree = BUILT_PRODUCTS_DIR; };
		100DABC22D52A8480037DA5D /* Intune Alarm ClockTests.xctest */ = {isa = PBXFileReference; explicitFileType = wrapper.cfbundle; includeInIndex = 0; path = "Intune Alarm ClockTests.xctest"; sourceTree = BUILT_PRODUCTS_DIR; };
		100DABCC2D52A8490037DA5D /* Intune Alarm ClockUITests.xctest */ = {isa = PBXFileReference; explicitFileType = wrapper.cfbundle; includeInIndex = 0; path = "Intune Alarm ClockUITests.xctest"; sourceTree = BUILT_PRODUCTS_DIR; };
/* End PBXFileReference section */

/* Begin PBXFileSystemSynchronizedRootGroup section */
		100DABB42D52A8440037DA5D /* intune */ = {
			isa = PBXFileSystemSynchronizedRootGroup;
			path = intune;
			sourceTree = "<group>";
		};
		100DABC52D52A8480037DA5D /* intuneTests */ = {
			isa = PBXFileSystemSynchronizedRootGroup;
			path = intuneTests;
			sourceTree = "<group>";
		};
		100DABCF2D52A8490037DA5D /* intuneUITests */ = {
			isa = PBXFileSystemSynchronizedRootGroup;
			path = intuneUITests;
			sourceTree = "<group>";
		};
/* End PBXFileSystemSynchronizedRootGroup section */

/* Begin PBXFrameworksBuildPhase section */
		100DABAF2D52A8440037DA5D /* Frameworks */ = {
			isa = PBXFrameworksBuildPhase;
			buildActionMask = 2147483647;
			files = (
			);
			runOnlyForDeploymentPostprocessing = 0;
		};
		100DABBF2D52A8480037DA5D /* Frameworks */ = {
			isa = PBXFrameworksBuildPhase;
			buildActionMask = 2147483647;
			files = (
			);
			runOnlyForDeploymentPostprocessing = 0;
		};
		100DABC92D52A8490037DA5D /* Frameworks */ = {
			isa = PBXFrameworksBuildPhase;
			buildActionMask = 2147483647;
			files = (
			);
			runOnlyForDeploymentPostprocessing = 0;
		};
/* End PBXFrameworksBuildPhase section */

/* Begin PBXGroup section */
		100DABA92D52A8440037DA5D = {
			isa = PBXGroup;
			children = (
				100DABB42D52A8440037DA5D /* intune */,
				100DABC52D52A8480037DA5D /* intuneTests */,
				100DABCF2D52A8490037DA5D /* intuneUITests */,
				100DABB32D52A8440037DA5D /* Products */,
			);
			sourceTree = "<group>";
		};
		100DABB32D52A8440037DA5D /* Products */ = {
			isa = PBXGroup;
			children = (
				100DABB22D52A8440037DA5D /* Intune Alarm Clock.app */,
				100DABC22D52A8480037DA5D /* Intune Alarm ClockTests.xctest */,
				100DABCC2D52A8490037DA5D /* Intune Alarm ClockUITests.xctest */,
			);
			name = Products;
			sourceTree = "<group>";
		};
/* End PBXGroup section */

/* Begin PBXNativeTarget section */
		100DABB12D52A8440037DA5D /* Intune Alarm Clock */ = {
			isa = PBXNativeTarget;
			buildConfigurationList = 100DABD62D52A8490037DA5D /* Build configuration list for PBXNativeTarget "Intune Alarm Clock" */;
			buildPhases = (
				100DABAE2D52A8440037DA5D /* Sources */,
				100DABAF2D52A8440037DA5D /* Frameworks */,
				100DABB02D52A8440037DA5D /* Resources */,
			);
			buildRules = (
			);
			dependencies = (
			);
			fileSystemSynchronizedGroups = (
				100DABB42D52A8440037DA5D /* intune */,
			);
			name = "Intune Alarm Clock";
			packageProductDependencies = (
			);
			productName = eartrainer;
			productReference = 100DABB22D52A8440037DA5D /* Intune Alarm Clock.app */;
			productType = "com.apple.product-type.application";
		};
		100DABC12D52A8480037DA5D /* Intune Alarm ClockTests */ = {
			isa = PBXNativeTarget;
			buildConfigurationList = 100DABD92D52A8490037DA5D /* Build configuration list for PBXNativeTarget "Intune Alarm ClockTests" */;
			buildPhases = (
				100DABBE2D52A8480037DA5D /* Sources */,
				100DABBF2D52A8480037DA5D /* Frameworks */,
				100DABC02D52A8480037DA5D /* Resources */,
			);
			buildRules = (
			);
			dependencies = (
				100DABC42D52A8480037DA5D /* PBXTargetDependency */,
			);
			fileSystemSynchronizedGroups = (
				100DABC52D52A8480037DA5D /* intuneTests */,
			);
			name = "Intune Alarm ClockTests";
			packageProductDependencies = (
			);
			productName = eartrainerTests;
			productReference = 100DABC22D52A8480037DA5D /* Intune Alarm ClockTests.xctest */;
			productType = "com.apple.product-type.bundle.unit-test";
		};
		100DABCB2D52A8490037DA5D /* Intune Alarm ClockUITests */ = {
			isa = PBXNativeTarget;
			buildConfigurationList = 100DABDC2D52A8490037DA5D /* Build configuration list for PBXNativeTarget "Intune Alarm ClockUITests" */;
			buildPhases = (
				100DABC82D52A8490037DA5D /* Sources */,
				100DABC92D52A8490037DA5D /* Frameworks */,
				100DABCA2D52A8490037DA5D /* Resources */,
			);
			buildRules = (
			);
			dependencies = (
				100DABCE2D52A8490037DA5D /* PBXTargetDependency */,
			);
			fileSystemSynchronizedGroups = (
				100DABCF2D52A8490037DA5D /* intuneUITests */,
			);
			name = "Intune Alarm ClockUITests";
			packageProductDependencies = (
			);
			productName = eartrainerUITests;
			productReference = 100DABCC2D52A8490037DA5D /* Intune Alarm ClockUITests.xctest */;
			productType = "com.apple.product-type.bundle.ui-testing";
		};
/* End PBXNativeTarget section */

/* Begin PBXProject section */
		100DABAA2D52A8440037DA5D /* Project object */ = {
			isa = PBXProject;
			attributes = {
				BuildIndependentTargetsInParallel = 1;
				LastSwiftUpdateCheck = 1610;
				LastUpgradeCheck = 1640;
				TargetAttributes = {
					100DABB12D52A8440037DA5D = {
						CreatedOnToolsVersion = 16.1;
					};
					100DABC12D52A8480037DA5D = {
						CreatedOnToolsVersion = 16.1;
						TestTargetID = 100DABB12D52A8440037DA5D;
					};
					100DABCB2D52A8490037DA5D = {
						CreatedOnToolsVersion = 16.1;
						TestTargetID = 100DABB12D52A8440037DA5D;
					};
				};
			};
			buildConfigurationList = 100DABAD2D52A8440037DA5D /* Build configuration list for PBXProject "Intune Alarm Clock" */;
			developmentRegion = en;
			hasScannedForEncodings = 0;
			knownRegions = (
				en,
				Base,
			);
			mainGroup = 100DABA92D52A8440037DA5D;
			minimizedProjectReferenceProxies = 1;
			packageReferences = (
			);
			preferredProjectObjectVersion = 77;
			productRefGroup = 100DABB32D52A8440037DA5D /* Products */;
			projectDirPath = "";
			projectRoot = "";
			targets = (
				100DABB12D52A8440037DA5D /* Intune Alarm Clock */,
				100DABC12D52A8480037DA5D /* Intune Alarm ClockTests */,
				100DABCB2D52A8490037DA5D /* Intune Alarm ClockUITests */,
			);
		};
/* End PBXProject section */

/* Begin PBXResourcesBuildPhase section */
		100DABB02D52A8440037DA5D /* Resources */ = {
			isa = PBXResourcesBuildPhase;
			buildActionMask = 2147483647;
			files = (
			);
			runOnlyForDeploymentPostprocessing = 0;
		};
		100DABC02D52A8480037DA5D /* Resources */ = {
			isa = PBXResourcesBuildPhase;
			buildActionMask = 2147483647;
			files = (
			);
			runOnlyForDeploymentPostprocessing = 0;
		};
		100DABCA2D52A8490037DA5D /* Resources */ = {
			isa = PBXResourcesBuildPhase;
			buildActionMask = 2147483647;
			files = (
			);
			runOnlyForDeploymentPostprocessing = 0;
		};
/* End PBXResourcesBuildPhase section */

/* Begin PBXSourcesBuildPhase section */
		100DABAE2D52A8440037DA5D /* Sources */ = {
			isa = PBXSourcesBuildPhase;
			buildActionMask = 2147483647;
			files = (
			);
			runOnlyForDeploymentPostprocessing = 0;
		};
		100DABBE2D52A8480037DA5D /* Sources */ = {
			isa = PBXSourcesBuildPhase;
			buildActionMask = 2147483647;
			files = (
			);
			runOnlyForDeploymentPostprocessing = 0;
		};
		100DABC82D52A8490037DA5D /* Sources */ = {
			isa = PBXSourcesBuildPhase;
			buildActionMask = 2147483647;
			files = (
			);
			runOnlyForDeploymentPostprocessing = 0;
		};
/* End PBXSourcesBuildPhase section */

/* Begin PBXTargetDependency section */
		100DABC42D52A8480037DA5D /* PBXTargetDependency */ = {
			isa = PBXTargetDependency;
			target = 100DABB12D52A8440037DA5D /* Intune Alarm Clock */;
			targetProxy = 100DABC32D52A8480037DA5D /* PBXContainerItemProxy */;
		};
		100DABCE2D52A8490037DA5D /* PBXTargetDependency */ = {
			isa = PBXTargetDependency;
			target = 100DABB12D52A8440037DA5D /* Intune Alarm Clock */;
			targetProxy = 100DABCD2D52A8490037DA5D /* PBXContainerItemProxy */;
		};
/* End PBXTargetDependency section */

/* Begin XCBuildConfiguration section */
		100DABD42D52A8490037DA5D /* Debug */ = {
			isa = XCBuildConfiguration;
			buildSettings = {
				ALWAYS_SEARCH_USER_PATHS = NO;
				ASSETCATALOG_COMPILER_GENERATE_SWIFT_ASSET_SYMBOL_EXTENSIONS = YES;
				CLANG_ANALYZER_NONNULL = YES;
				CLANG_ANALYZER_NUMBER_OBJECT_CONVERSION = YES_AGGRESSIVE;
				CLANG_CXX_LANGUAGE_STANDARD = "gnu++20";
				CLANG_ENABLE_MODULES = YES;
				CLANG_ENABLE_OBJC_ARC = YES;
				CLANG_ENABLE_OBJC_WEAK = YES;
				CLANG_WARN_BLOCK_CAPTURE_AUTORELEASING = YES;
				CLANG_WARN_BOOL_CONVERSION = YES;
				CLANG_WARN_COMMA = YES;
				CLANG_WARN_CONSTANT_CONVERSION = YES;
				CLANG_WARN_DEPRECATED_OBJC_IMPLEMENTATIONS = YES;
				CLANG_WARN_DIRECT_OBJC_ISA_USAGE = YES_ERROR;
				CLANG_WARN_DOCUMENTATION_COMMENTS = YES;
				CLANG_WARN_EMPTY_BODY = YES;
				CLANG_WARN_ENUM_CONVERSION = YES;
				CLANG_WARN_INFINITE_RECURSION = YES;
				CLANG_WARN_INT_CONVERSION = YES;
				CLANG_WARN_NON_LITERAL_NULL_CONVERSION = YES;
				CLANG_WARN_OBJC_IMPLICIT_RETAIN_SELF = YES;
				CLANG_WARN_OBJC_LITERAL_CONVERSION = YES;
				CLANG_WARN_OBJC_ROOT_CLASS = YES_ERROR;
				CLANG_WARN_QUOTED_INCLUDE_IN_FRAMEWORK_HEADER = YES;
				CLANG_WARN_RANGE_LOOP_ANALYSIS = YES;
				CLANG_WARN_STRICT_PROTOTYPES = YES;
				CLANG_WARN_SUSPICIOUS_MOVE = YES;
				CLANG_WARN_UNGUARDED_AVAILABILITY = YES_AGGRESSIVE;
				CLANG_WARN_UNREACHABLE_CODE = YES;
				CLANG_WARN__DUPLICATE_METHOD_MATCH = YES;
				COPY_PHASE_STRIP = NO;
				DEBUG_INFORMATION_FORMAT = dwarf;
				DEVELOPMENT_TEAM = TY4X6T9VPB;
				ENABLE_STRICT_OBJC_MSGSEND = YES;
				ENABLE_TESTABILITY = YES;
				ENABLE_USER_SCRIPT_SANDBOXING = YES;
				GCC_C_LANGUAGE_STANDARD = gnu17;
				GCC_DYNAMIC_NO_PIC = NO;
				GCC_NO_COMMON_BLOCKS = YES;
				GCC_OPTIMIZATION_LEVEL = 0;
				GCC_PREPROCESSOR_DEFINITIONS = (
					"DEBUG=1",
					"$(inherited)",
				);
				GCC_WARN_64_TO_32_BIT_CONVERSION = YES;
				GCC_WARN_ABOUT_RETURN_TYPE = YES_ERROR;
				GCC_WARN_UNDECLARED_SELECTOR = YES;
				GCC_WARN_UNINITIALIZED_AUTOS = YES_AGGRESSIVE;
				GCC_WARN_UNUSED_FUNCTION = YES;
				GCC_WARN_UNUSED_VARIABLE = YES;
				IPHONEOS_DEPLOYMENT_TARGET = 18.1;
				LOCALIZATION_PREFERS_STRING_CATALOGS = YES;
				MTL_ENABLE_DEBUG_INFO = INCLUDE_SOURCE;
				MTL_FAST_MATH = YES;
				ONLY_ACTIVE_ARCH = YES;
				SDKROOT = iphoneos;
				SWIFT_ACTIVE_COMPILATION_CONDITIONS = "DEBUG $(inherited)";
				SWIFT_OPTIMIZATION_LEVEL = "-Onone";
			};
			name = Debug;
		};
		100DABD52D52A8490037DA5D /* Release */ = {
			isa = XCBuildConfiguration;
			buildSettings = {
				ALWAYS_SEARCH_USER_PATHS = NO;
				ASSETCATALOG_COMPILER_GENERATE_SWIFT_ASSET_SYMBOL_EXTENSIONS = YES;
				CLANG_ANALYZER_NONNULL = YES;
				CLANG_ANALYZER_NUMBER_OBJECT_CONVERSION = YES_AGGRESSIVE;
				CLANG_CXX_LANGUAGE_STANDARD = "gnu++20";
				CLANG_ENABLE_MODULES = YES;
				CLANG_ENABLE_OBJC_ARC = YES;
				CLANG_ENABLE_OBJC_WEAK = YES;
				CLANG_WARN_BLOCK_CAPTURE_AUTORELEASING = YES;
				CLANG_WARN_BOOL_CONVERSION = YES;
				CLANG_WARN_COMMA = YES;
				CLANG_WARN_CONSTANT_CONVERSION = YES;
				CLANG_WARN_DEPRECATED_OBJC_IMPLEMENTATIONS = YES;
				CLANG_WARN_DIRECT_OBJC_ISA_USAGE = YES_ERROR;
				CLANG_WARN_DOCUMENTATION_COMMENTS = YES;
				CLANG_WARN_EMPTY_BODY = YES;
				CLANG_WARN_ENUM_CONVERSION = YES;
				CLANG_WARN_INFINITE_RECURSION = YES;
				CLANG_WARN_INT_CONVERSION = YES;
				CLANG_WARN_NON_LITERAL_NULL_CONVERSION = YES;
				CLANG_WARN_OBJC_IMPLICIT_RETAIN_SELF = YES;
				CLANG_WARN_OBJC_LITERAL_CONVERSION = YES;
				CLANG_WARN_OBJC_ROOT_CLASS = YES_ERROR;
				CLANG_WARN_QUOTED_INCLUDE_IN_FRAMEWORK_HEADER = YES;
				CLANG_WARN_RANGE_LOOP_ANALYSIS = YES;
				CLANG_WARN_STRICT_PROTOTYPES = YES;
				CLANG_WARN_SUSPICIOUS_MOVE = YES;
				CLANG_WARN_UNGUARDED_AVAILABILITY = YES_AGGRESSIVE;
				CLANG_WARN_UNREACHABLE_CODE = YES;
				CLANG_WARN__DUPLICATE_METHOD_MATCH = YES;
				COPY_PHASE_STRIP = NO;
				DEBUG_INFORMATION_FORMAT = "dwarf-with-dsym";
				DEVELOPMENT_TEAM = TY4X6T9VPB;
				ENABLE_NS_ASSERTIONS = NO;
				ENABLE_STRICT_OBJC_MSGSEND = YES;
				ENABLE_USER_SCRIPT_SANDBOXING = YES;
				GCC_C_LANGUAGE_STANDARD = gnu17;
				GCC_NO_COMMON_BLOCKS = YES;
				GCC_WARN_64_TO_32_BIT_CONVERSION = YES;
				GCC_WARN_ABOUT_RETURN_TYPE = YES_ERROR;
				GCC_WARN_UNDECLARED_SELECTOR = YES;
				GCC_WARN_UNINITIALIZED_AUTOS = YES_AGGRESSIVE;
				GCC_WARN_UNUSED_FUNCTION = YES;
				GCC_WARN_UNUSED_VARIABLE = YES;
				IPHONEOS_DEPLOYMENT_TARGET = 18.1;
				LOCALIZATION_PREFERS_STRING_CATALOGS = YES;
				MTL_ENABLE_DEBUG_INFO = NO;
				MTL_FAST_MATH = YES;
				SDKROOT = iphoneos;
				SWIFT_COMPILATION_MODE = wholemodule;
				VALIDATE_PRODUCT = YES;
			};
			name = Release;
		};
		100DABD72D52A8490037DA5D /* Debug */ = {
			isa = XCBuildConfiguration;
			buildSettings = {
				ASSETCATALOG_COMPILER_APPICON_NAME = AppIcon;
				ASSETCATALOG_COMPILER_GLOBAL_ACCENT_COLOR_NAME = AccentColor;
				CODE_SIGN_STYLE = Automatic;
				CURRENT_PROJECT_VERSION = 1;
				DEVELOPMENT_ASSET_PATHS = "\"intune/Preview Content\"";
				ENABLE_PREVIEWS = YES;
				GENERATE_INFOPLIST_FILE = YES;
				INFOPLIST_KEY_CFBundleDisplayName = "Intune Alarm Clock";
				INFOPLIST_KEY_LSApplicationCategoryType = "public.app-category.utilities";
				INFOPLIST_KEY_UIApplicationSceneManifest_Generation = YES;
				INFOPLIST_KEY_UIApplicationSupportsIndirectInputEvents = YES;
				INFOPLIST_KEY_UILaunchScreen_Generation = YES;
				INFOPLIST_KEY_UISupportedInterfaceOrientations = "UIInterfaceOrientationLandscapeLeft UIInterfaceOrientationLandscapeRight UIInterfaceOrientationPortrait UIInterfaceOrientationPortraitUpsideDown";
				LD_RUNPATH_SEARCH_PATHS = (
					"$(inherited)",
					"@executable_path/Frameworks",
				);
				MARKETING_VERSION = 1.0;
				PRODUCT_BUNDLE_IDENTIFIER = "biscuitlabs.intune-alarm-clock";
				PRODUCT_NAME = "$(TARGET_NAME)";
				SWIFT_EMIT_LOC_STRINGS = YES;
				SWIFT_VERSION = 5.0;
				TARGETED_DEVICE_FAMILY = "1,2";
			};
			name = Debug;
		};
		100DABD82D52A8490037DA5D /* Release */ = {
			isa = XCBuildConfiguration;
			buildSettings = {
				ASSETCATALOG_COMPILER_APPICON_NAME = AppIcon;
				ASSETCATALOG_COMPILER_GLOBAL_ACCENT_COLOR_NAME = AccentColor;
				CODE_SIGN_STYLE = Automatic;
				CURRENT_PROJECT_VERSION = 1;
				DEVELOPMENT_ASSET_PATHS = "\"intune/Preview Content\"";
				ENABLE_PREVIEWS = YES;
				GENERATE_INFOPLIST_FILE = YES;
				INFOPLIST_KEY_CFBundleDisplayName = "Intune Alarm Clock";
				INFOPLIST_KEY_LSApplicationCategoryType = "public.app-category.utilities";
				INFOPLIST_KEY_UIApplicationSceneManifest_Generation = YES;
				INFOPLIST_KEY_UIApplicationSupportsIndirectInputEvents = YES;
				INFOPLIST_KEY_UILaunchScreen_Generation = YES;
				INFOPLIST_KEY_UISupportedInterfaceOrientations = "UIInterfaceOrientationLandscapeLeft UIInterfaceOrientationLandscapeRight UIInterfaceOrientationPortrait UIInterfaceOrientationPortraitUpsideDown";
				LD_RUNPATH_SEARCH_PATHS = (
					"$(inherited)",
					"@executable_path/Frameworks",
				);
				MARKETING_VERSION = 1.0;
				PRODUCT_BUNDLE_IDENTIFIER = "biscuitlabs.intune-alarm-clock";
				PRODUCT_NAME = "$(TARGET_NAME)";
				SWIFT_EMIT_LOC_STRINGS = YES;
				SWIFT_VERSION = 5.0;
				TARGETED_DEVICE_FAMILY = "1,2";
			};
			name = Release;
		};
		100DABDA2D52A8490037DA5D /* Debug */ = {
			isa = XCBuildConfiguration;
			buildSettings = {
				BUNDLE_LOADER = "$(TEST_HOST)";
				CODE_SIGN_STYLE = Automatic;
				CURRENT_PROJECT_VERSION = 1;
				GENERATE_INFOPLIST_FILE = YES;
				IPHONEOS_DEPLOYMENT_TARGET = 18.1;
				MARKETING_VERSION = 1.0;
				PRODUCT_BUNDLE_IDENTIFIER = biscuitlabs.eartrainerTests;
				PRODUCT_NAME = "$(TARGET_NAME)";
				SWIFT_EMIT_LOC_STRINGS = NO;
				SWIFT_VERSION = 5.0;
				TARGETED_DEVICE_FAMILY = "1,2";
				TEST_HOST = "$(BUILT_PRODUCTS_DIR)/Intune Alarm Clock.app/$(BUNDLE_EXECUTABLE_FOLDER_PATH)/Intune Alarm Clock";
			};
			name = Debug;
		};
		100DABDB2D52A8490037DA5D /* Release */ = {
			isa = XCBuildConfiguration;
			buildSettings = {
				BUNDLE_LOADER = "$(TEST_HOST)";
				CODE_SIGN_STYLE = Automatic;
				CURRENT_PROJECT_VERSION = 1;
				GENERATE_INFOPLIST_FILE = YES;
				IPHONEOS_DEPLOYMENT_TARGET = 18.1;
				MARKETING_VERSION = 1.0;
				PRODUCT_BUNDLE_IDENTIFIER = biscuitlabs.eartrainerTests;
				PRODUCT_NAME = "$(TARGET_NAME)";
				SWIFT_EMIT_LOC_STRINGS = NO;
				SWIFT_VERSION = 5.0;
				TARGETED_DEVICE_FAMILY = "1,2";
				TEST_HOST = "$(BUILT_PRODUCTS_DIR)/Intune Alarm Clock.app/$(BUNDLE_EXECUTABLE_FOLDER_PATH)/Intune Alarm Clock";
			};
			name = Release;
		};
		100DABDD2D52A8490037DA5D /* Debug */ = {
			isa = XCBuildConfiguration;
			buildSettings = {
				CODE_SIGN_STYLE = Automatic;
				CURRENT_PROJECT_VERSION = 1;
				GENERATE_INFOPLIST_FILE = YES;
				MARKETING_VERSION = 1.0;
				PRODUCT_BUNDLE_IDENTIFIER = biscuitlabs.eartrainerUITests;
				PRODUCT_NAME = "$(TARGET_NAME)";
				SWIFT_EMIT_LOC_STRINGS = NO;
				SWIFT_VERSION = 5.0;
				TARGETED_DEVICE_FAMILY = "1,2";
				TEST_TARGET_NAME = eartrainer;
			};
			name = Debug;
		};
		100DABDE2D52A8490037DA5D /* Release */ = {
			isa = XCBuildConfiguration;
			buildSettings = {
				CODE_SIGN_STYLE = Automatic;
				CURRENT_PROJECT_VERSION = 1;
				GENERATE_INFOPLIST_FILE = YES;
				MARKETING_VERSION = 1.0;
				PRODUCT_BUNDLE_IDENTIFIER = biscuitlabs.eartrainerUITests;
				PRODUCT_NAME = "$(TARGET_NAME)";
				SWIFT_EMIT_LOC_STRINGS = NO;
				SWIFT_VERSION = 5.0;
				TARGETED_DEVICE_FAMILY = "1,2";
				TEST_TARGET_NAME = eartrainer;
			};
			name = Release;
		};
/* End XCBuildConfiguration section */

/* Begin XCConfigurationList section */
		100DABAD2D52A8440037DA5D /* Build configuration list for PBXProject "Intune Alarm Clock" */ = {
			isa = XCConfigurationList;
			buildConfigurations = (
				100DABD42D52A8490037DA5D /* Debug */,
				100DABD52D52A8490037DA5D /* Release */,
			);
			defaultConfigurationIsVisible = 0;
			defaultConfigurationName = Release;
		};
		100DABD62D52A8490037DA5D /* Build configuration list for PBXNativeTarget "Intune Alarm Clock" */ = {
			isa = XCConfigurationList;
			buildConfigurations = (
				100DABD72D52A8490037DA5D /* Debug */,
				100DABD82D52A8490037DA5D /* Release */,
			);
			defaultConfigurationIsVisible = 0;
			defaultConfigurationName = Release;
		};
		100DABD92D52A8490037DA5D /* Build configuration list for PBXNativeTarget "Intune Alarm ClockTests" */ = {
			isa = XCConfigurationList;
			buildConfigurations = (
				100DABDA2D52A8490037DA5D /* Debug */,
				100DABDB2D52A8490037DA5D /* Release */,
			);
			defaultConfigurationIsVisible = 0;
			defaultConfigurationName = Release;
		};
		100DABDC2D52A8490037DA5D /* Build configuration list for PBXNativeTarget "Intune Alarm ClockUITests" */ = {
			isa = XCConfigurationList;
			buildConfigurations = (
				100DABDD2D52A8490037DA5D /* Debug */,
				100DABDE2D52A8490037DA5D /* Release */,
			);
			defaultConfigurationIsVisible = 0;
			defaultConfigurationName = Release;
		};
/* End XCConfigurationList section */
	};
	rootObject = 100DABAA2D52A8440037DA5D /* Project object */;
}
